// !$*UTF8*$!
{
	archiveVersion = 1;
	classes = {
	};
	objectVersion = 51;
	objects = {

/* Begin PBXBuildFile section */
		420156F725B4615B0009C549 /* UIViewController+UITableView+UICollectionView.+UIView.swift in Sources */ = {isa = PBXBuildFile; fileRef = 420156F625B4615B0009C549 /* UIViewController+UITableView+UICollectionView.+UIView.swift */; };
		420A365225F3B321007E8363 /* ApplicationAboutViewControllerEx.swift in Sources */ = {isa = PBXBuildFile; fileRef = 420A365125F3B321007E8363 /* ApplicationAboutViewControllerEx.swift */; };
		4252EE7725A1B59D001F1227 /* AppDelegate.swift in Sources */ = {isa = PBXBuildFile; fileRef = 4252EE7625A1B59D001F1227 /* AppDelegate.swift */; };
		4252EE7925A1B59D001F1227 /* SceneDelegate.swift in Sources */ = {isa = PBXBuildFile; fileRef = 4252EE7825A1B59D001F1227 /* SceneDelegate.swift */; };
		4252EE8025A1B59E001F1227 /* Assets.xcassets in Resources */ = {isa = PBXBuildFile; fileRef = 4252EE7F25A1B59E001F1227 /* Assets.xcassets */; };
		4252EE8325A1B59E001F1227 /* LaunchScreen.storyboard in Resources */ = {isa = PBXBuildFile; fileRef = 4252EE8125A1B59E001F1227 /* LaunchScreen.storyboard */; };
		4252EE8D25A1B719001F1227 /* .gitignore in Resources */ = {isa = PBXBuildFile; fileRef = 4252EE8C25A1B719001F1227 /* .gitignore */; };
		4252EE9425A1BBFB001F1227 /* ApplicationAboutConfigurator.swift in Sources */ = {isa = PBXBuildFile; fileRef = 4252EE9325A1BBFB001F1227 /* ApplicationAboutConfigurator.swift */; };
		4252EE9825A1BF5C001F1227 /* ApplicationAboutProtocols.swift in Sources */ = {isa = PBXBuildFile; fileRef = 4252EE9725A1BF5C001F1227 /* ApplicationAboutProtocols.swift */; };
		4252EE9B25A1BFE8001F1227 /* ApplicationAboutViewController.swift in Sources */ = {isa = PBXBuildFile; fileRef = 4252EE9A25A1BFE8001F1227 /* ApplicationAboutViewController.swift */; };
		4252EEA125A1C129001F1227 /* ApplicationAboutPresenter.swift in Sources */ = {isa = PBXBuildFile; fileRef = 4252EEA025A1C129001F1227 /* ApplicationAboutPresenter.swift */; };
		4252EEA425A1C13B001F1227 /* ApplicationAboutRouter.swift in Sources */ = {isa = PBXBuildFile; fileRef = 4252EEA325A1C13B001F1227 /* ApplicationAboutRouter.swift */; };
		4252EEA725A1C2F3001F1227 /* ApplicationAboutInteractor.swift in Sources */ = {isa = PBXBuildFile; fileRef = 4252EEA625A1C2F3001F1227 /* ApplicationAboutInteractor.swift */; };
		4252EEAC25A1D88C001F1227 /* NetworkService.swift in Sources */ = {isa = PBXBuildFile; fileRef = 4252EEAB25A1D88C001F1227 /* NetworkService.swift */; };
		4252EEB025A1D8DC001F1227 /* NetworkServiceProtocol.swift in Sources */ = {isa = PBXBuildFile; fileRef = 4252EEAF25A1D8DC001F1227 /* NetworkServiceProtocol.swift */; };
		4252EEB925A1E70C001F1227 /* MainViewController.swift in Sources */ = {isa = PBXBuildFile; fileRef = 4252EEB825A1E70C001F1227 /* MainViewController.swift */; };
		42558D3A25BF1B70004AD451 /* CurrencyView.swift in Sources */ = {isa = PBXBuildFile; fileRef = 42558D3925BF1B70004AD451 /* CurrencyView.swift */; };
		426F06CD25B8877200C434E6 /* Image.swift in Sources */ = {isa = PBXBuildFile; fileRef = 426F06CC25B8877200C434E6 /* Image.swift */; };
		426F06D125B88B2500C434E6 /* DetailExhangesRatesViewController.swift in Sources */ = {isa = PBXBuildFile; fileRef = 426F06D025B88B2500C434E6 /* DetailExhangesRatesViewController.swift */; };
		426F06D625B8996200C434E6 /* Builder.swift in Sources */ = {isa = PBXBuildFile; fileRef = 426F06D525B8996200C434E6 /* Builder.swift */; };
		426F06DA25B8A10600C434E6 /* MainProtocols.swift in Sources */ = {isa = PBXBuildFile; fileRef = 426F06D925B8A10600C434E6 /* MainProtocols.swift */; };
		426F06DD25B8A27B00C434E6 /* MainConfigurator.swift in Sources */ = {isa = PBXBuildFile; fileRef = 426F06DC25B8A27B00C434E6 /* MainConfigurator.swift */; };
		4290D00625BB33120033386C /* MainRouter.swift in Sources */ = {isa = PBXBuildFile; fileRef = 4290D00525BB33120033386C /* MainRouter.swift */; };
		42D73DCD25A89BB700E699B2 /* Currency.swift in Sources */ = {isa = PBXBuildFile; fileRef = 42D73DCC25A89BB700E699B2 /* Currency.swift */; };
		42D73DD625A8A26B00E699B2 /* Descriptions.swift in Sources */ = {isa = PBXBuildFile; fileRef = 42D73DD525A8A26B00E699B2 /* Descriptions.swift */; };
		42DC3FF425BC7423008D38F0 /* CurrencyPickerView.swift in Sources */ = {isa = PBXBuildFile; fileRef = 42DC3FF325BC7423008D38F0 /* CurrencyPickerView.swift */; };
		42E8423F25F3659900E127D2 /* MainViewControllerEx.swift in Sources */ = {isa = PBXBuildFile; fileRef = 42E8423E25F3659900E127D2 /* MainViewControllerEx.swift */; };
		42F11A7E25B1B9D300BD0F26 /* Color.swift in Sources */ = {isa = PBXBuildFile; fileRef = 42F11A7D25B1B9D300BD0F26 /* Color.swift */; };
		42F11A8825B1C68000BD0F26 /* Font.swift in Sources */ = {isa = PBXBuildFile; fileRef = 42F11A8725B1C68000BD0F26 /* Font.swift */; };
		42F11A8B25B1CFAC00BD0F26 /* Button.swift in Sources */ = {isa = PBXBuildFile; fileRef = 42F11A8A25B1CFAC00BD0F26 /* Button.swift */; };
		42F11A8E25B1E09500BD0F26 /* TextField.swift in Sources */ = {isa = PBXBuildFile; fileRef = 42F11A8D25B1E09500BD0F26 /* TextField.swift */; };
		42F11A9125B1E30900BD0F26 /* Label.swift in Sources */ = {isa = PBXBuildFile; fileRef = 42F11A9025B1E30900BD0F26 /* Label.swift */; };
		E8B73EF8D4D0D9DDCE8264F2 /* Pods_CurrencyRates.framework in Frameworks */ = {isa = PBXBuildFile; fileRef = 6083EF7E20DEEBF65D98701A /* Pods_CurrencyRates.framework */; };
/* End PBXBuildFile section */

/* Begin PBXFileReference section */
		00AD6DB0C3CB4E7CDB60B750 /* Pods-CurrencyRates.release.xcconfig */ = {isa = PBXFileReference; includeInIndex = 1; lastKnownFileType = text.xcconfig; name = "Pods-CurrencyRates.release.xcconfig"; path = "Target Support Files/Pods-CurrencyRates/Pods-CurrencyRates.release.xcconfig"; sourceTree = "<group>"; };
		420156F625B4615B0009C549 /* UIViewController+UITableView+UICollectionView.+UIView.swift */ = {isa = PBXFileReference; lastKnownFileType = sourcecode.swift; path = "UIViewController+UITableView+UICollectionView.+UIView.swift"; sourceTree = "<group>"; };
		420A365125F3B321007E8363 /* ApplicationAboutViewControllerEx.swift */ = {isa = PBXFileReference; lastKnownFileType = sourcecode.swift; path = ApplicationAboutViewControllerEx.swift; sourceTree = "<group>"; };
		4252EE7325A1B59D001F1227 /* CurrencyRates.app */ = {isa = PBXFileReference; explicitFileType = wrapper.application; includeInIndex = 0; path = CurrencyRates.app; sourceTree = BUILT_PRODUCTS_DIR; };
		4252EE7625A1B59D001F1227 /* AppDelegate.swift */ = {isa = PBXFileReference; lastKnownFileType = sourcecode.swift; path = AppDelegate.swift; sourceTree = "<group>"; };
		4252EE7825A1B59D001F1227 /* SceneDelegate.swift */ = {isa = PBXFileReference; lastKnownFileType = sourcecode.swift; path = SceneDelegate.swift; sourceTree = "<group>"; };
		4252EE7F25A1B59E001F1227 /* Assets.xcassets */ = {isa = PBXFileReference; lastKnownFileType = folder.assetcatalog; path = Assets.xcassets; sourceTree = "<group>"; };
		4252EE8225A1B59E001F1227 /* Base */ = {isa = PBXFileReference; lastKnownFileType = file.storyboard; name = Base; path = Base.lproj/LaunchScreen.storyboard; sourceTree = "<group>"; };
		4252EE8425A1B59E001F1227 /* Info.plist */ = {isa = PBXFileReference; lastKnownFileType = text.plist.xml; path = Info.plist; sourceTree = "<group>"; };
		4252EE8C25A1B719001F1227 /* .gitignore */ = {isa = PBXFileReference; lastKnownFileType = text; path = .gitignore; sourceTree = "<group>"; };
		4252EE9325A1BBFB001F1227 /* ApplicationAboutConfigurator.swift */ = {isa = PBXFileReference; lastKnownFileType = sourcecode.swift; path = ApplicationAboutConfigurator.swift; sourceTree = "<group>"; };
		4252EE9725A1BF5C001F1227 /* ApplicationAboutProtocols.swift */ = {isa = PBXFileReference; lastKnownFileType = sourcecode.swift; path = ApplicationAboutProtocols.swift; sourceTree = "<group>"; };
		4252EE9A25A1BFE8001F1227 /* ApplicationAboutViewController.swift */ = {isa = PBXFileReference; lastKnownFileType = sourcecode.swift; path = ApplicationAboutViewController.swift; sourceTree = "<group>"; };
		4252EEA025A1C129001F1227 /* ApplicationAboutPresenter.swift */ = {isa = PBXFileReference; lastKnownFileType = sourcecode.swift; path = ApplicationAboutPresenter.swift; sourceTree = "<group>"; };
		4252EEA325A1C13B001F1227 /* ApplicationAboutRouter.swift */ = {isa = PBXFileReference; lastKnownFileType = sourcecode.swift; path = ApplicationAboutRouter.swift; sourceTree = "<group>"; };
		4252EEA625A1C2F3001F1227 /* ApplicationAboutInteractor.swift */ = {isa = PBXFileReference; lastKnownFileType = sourcecode.swift; path = ApplicationAboutInteractor.swift; sourceTree = "<group>"; };
		4252EEAB25A1D88C001F1227 /* NetworkService.swift */ = {isa = PBXFileReference; lastKnownFileType = sourcecode.swift; path = NetworkService.swift; sourceTree = "<group>"; };
		4252EEAF25A1D8DC001F1227 /* NetworkServiceProtocol.swift */ = {isa = PBXFileReference; lastKnownFileType = sourcecode.swift; path = NetworkServiceProtocol.swift; sourceTree = "<group>"; };
		4252EEB825A1E70C001F1227 /* MainViewController.swift */ = {isa = PBXFileReference; lastKnownFileType = sourcecode.swift; path = MainViewController.swift; sourceTree = "<group>"; };
		42558D3925BF1B70004AD451 /* CurrencyView.swift */ = {isa = PBXFileReference; lastKnownFileType = sourcecode.swift; path = CurrencyView.swift; sourceTree = "<group>"; };
		426F06CC25B8877200C434E6 /* Image.swift */ = {isa = PBXFileReference; lastKnownFileType = sourcecode.swift; path = Image.swift; sourceTree = "<group>"; };
		426F06D025B88B2500C434E6 /* DetailExhangesRatesViewController.swift */ = {isa = PBXFileReference; lastKnownFileType = sourcecode.swift; path = DetailExhangesRatesViewController.swift; sourceTree = "<group>"; };
		426F06D525B8996200C434E6 /* Builder.swift */ = {isa = PBXFileReference; lastKnownFileType = sourcecode.swift; path = Builder.swift; sourceTree = "<group>"; };
		426F06D925B8A10600C434E6 /* MainProtocols.swift */ = {isa = PBXFileReference; lastKnownFileType = sourcecode.swift; path = MainProtocols.swift; sourceTree = "<group>"; };
		426F06DC25B8A27B00C434E6 /* MainConfigurator.swift */ = {isa = PBXFileReference; lastKnownFileType = sourcecode.swift; path = MainConfigurator.swift; sourceTree = "<group>"; };
		4290D00525BB33120033386C /* MainRouter.swift */ = {isa = PBXFileReference; lastKnownFileType = sourcecode.swift; path = MainRouter.swift; sourceTree = "<group>"; };
		42D73DCC25A89BB700E699B2 /* Currency.swift */ = {isa = PBXFileReference; lastKnownFileType = sourcecode.swift; path = Currency.swift; sourceTree = "<group>"; };
		42D73DD525A8A26B00E699B2 /* Descriptions.swift */ = {isa = PBXFileReference; lastKnownFileType = sourcecode.swift; path = Descriptions.swift; sourceTree = "<group>"; };
		42DC3FF325BC7423008D38F0 /* CurrencyPickerView.swift */ = {isa = PBXFileReference; lastKnownFileType = sourcecode.swift; path = CurrencyPickerView.swift; sourceTree = "<group>"; };
		42E8423E25F3659900E127D2 /* MainViewControllerEx.swift */ = {isa = PBXFileReference; lastKnownFileType = sourcecode.swift; path = MainViewControllerEx.swift; sourceTree = "<group>"; };
		42F11A7D25B1B9D300BD0F26 /* Color.swift */ = {isa = PBXFileReference; lastKnownFileType = sourcecode.swift; path = Color.swift; sourceTree = "<group>"; };
		42F11A8725B1C68000BD0F26 /* Font.swift */ = {isa = PBXFileReference; lastKnownFileType = sourcecode.swift; path = Font.swift; sourceTree = "<group>"; };
		42F11A8A25B1CFAC00BD0F26 /* Button.swift */ = {isa = PBXFileReference; lastKnownFileType = sourcecode.swift; path = Button.swift; sourceTree = "<group>"; };
		42F11A8D25B1E09500BD0F26 /* TextField.swift */ = {isa = PBXFileReference; lastKnownFileType = sourcecode.swift; path = TextField.swift; sourceTree = "<group>"; };
		42F11A9025B1E30900BD0F26 /* Label.swift */ = {isa = PBXFileReference; lastKnownFileType = sourcecode.swift; path = Label.swift; sourceTree = "<group>"; };
		6083EF7E20DEEBF65D98701A /* Pods_CurrencyRates.framework */ = {isa = PBXFileReference; explicitFileType = wrapper.framework; includeInIndex = 0; path = Pods_CurrencyRates.framework; sourceTree = BUILT_PRODUCTS_DIR; };
		B0B4242EB1A55F8604E28CEA /* Pods-CurrencyRates.debug.xcconfig */ = {isa = PBXFileReference; includeInIndex = 1; lastKnownFileType = text.xcconfig; name = "Pods-CurrencyRates.debug.xcconfig"; path = "Target Support Files/Pods-CurrencyRates/Pods-CurrencyRates.debug.xcconfig"; sourceTree = "<group>"; };
/* End PBXFileReference section */

/* Begin PBXFrameworksBuildPhase section */
		4252EE7025A1B59D001F1227 /* Frameworks */ = {
			isa = PBXFrameworksBuildPhase;
			buildActionMask = 2147483647;
			files = (
				E8B73EF8D4D0D9DDCE8264F2 /* Pods_CurrencyRates.framework in Frameworks */,
			);
			runOnlyForDeploymentPostprocessing = 0;
		};
/* End PBXFrameworksBuildPhase section */

/* Begin PBXGroup section */
		420A365025F3B306007E8363 /* Extensions */ = {
			isa = PBXGroup;
			children = (
				420A365125F3B321007E8363 /* ApplicationAboutViewControllerEx.swift */,
			);
			path = Extensions;
			sourceTree = "<group>";
		};
		4252EE6A25A1B59D001F1227 = {
			isa = PBXGroup;
			children = (
				4252EE8C25A1B719001F1227 /* .gitignore */,
				4252EE7525A1B59D001F1227 /* CurrencyRates */,
				4252EE7425A1B59D001F1227 /* Products */,
				53A47593162D6198A9B0246A /* Pods */,
				93CFADA15E95E185969409EE /* Frameworks */,
			);
			sourceTree = "<group>";
		};
		4252EE7425A1B59D001F1227 /* Products */ = {
			isa = PBXGroup;
			children = (
				4252EE7325A1B59D001F1227 /* CurrencyRates.app */,
			);
			name = Products;
			sourceTree = "<group>";
		};
		4252EE7525A1B59D001F1227 /* CurrencyRates */ = {
			isa = PBXGroup;
			children = (
				42DC3FF125BC73FC008D38F0 /* Views */,
				42F11A7C25B1B9B800BD0F26 /* Extensions */,
				42D73DD425A8A23F00E699B2 /* Utilities */,
				42D73DCB25A89B9900E699B2 /* Entities */,
				4252EEAA25A1D555001F1227 /* ServicesLayers */,
				4252EE8F25A1BB28001F1227 /* Modules */,
				4252EE7625A1B59D001F1227 /* AppDelegate.swift */,
				4252EE7825A1B59D001F1227 /* SceneDelegate.swift */,
				4252EE7F25A1B59E001F1227 /* Assets.xcassets */,
				4252EE8125A1B59E001F1227 /* LaunchScreen.storyboard */,
				4252EE8425A1B59E001F1227 /* Info.plist */,
			);
			path = CurrencyRates;
			sourceTree = "<group>";
		};
		4252EE8F25A1BB28001F1227 /* Modules */ = {
			isa = PBXGroup;
			children = (
				4252EE9125A1BB38001F1227 /* Main */,
				4252EE9225A1BB48001F1227 /* ApplicationAbout */,
				426F06CF25B88AE700C434E6 /* Detail */,
				426F06D525B8996200C434E6 /* Builder.swift */,
			);
			path = Modules;
			sourceTree = "<group>";
		};
		4252EE9125A1BB38001F1227 /* Main */ = {
			isa = PBXGroup;
			children = (
				4252EEB825A1E70C001F1227 /* MainViewController.swift */,
				42E8423D25F3656D00E127D2 /* Extensions */,
				426F06D925B8A10600C434E6 /* MainProtocols.swift */,
				426F06DC25B8A27B00C434E6 /* MainConfigurator.swift */,
				4290D00525BB33120033386C /* MainRouter.swift */,
			);
			path = Main;
			sourceTree = "<group>";
		};
		4252EE9225A1BB48001F1227 /* ApplicationAbout */ = {
			isa = PBXGroup;
			children = (
				4252EE9A25A1BFE8001F1227 /* ApplicationAboutViewController.swift */,
				420A365025F3B306007E8363 /* Extensions */,
				4252EEA025A1C129001F1227 /* ApplicationAboutPresenter.swift */,
				4252EEA625A1C2F3001F1227 /* ApplicationAboutInteractor.swift */,
				4252EE9325A1BBFB001F1227 /* ApplicationAboutConfigurator.swift */,
				4252EEA325A1C13B001F1227 /* ApplicationAboutRouter.swift */,
				4252EE9725A1BF5C001F1227 /* ApplicationAboutProtocols.swift */,
			);
			path = ApplicationAbout;
			sourceTree = "<group>";
		};
		4252EEAA25A1D555001F1227 /* ServicesLayers */ = {
			isa = PBXGroup;
			children = (
				4252EEAE25A1D8B2001F1227 /* Network */,
			);
			path = ServicesLayers;
			sourceTree = "<group>";
		};
		4252EEAE25A1D8B2001F1227 /* Network */ = {
			isa = PBXGroup;
			children = (
				42CACA6325A9B2E100E38C83 /* DataFetcherService */,
				42CACA6225A9B2C800E38C83 /* NetworkService */,
			);
			name = Network;
			sourceTree = "<group>";
		};
		426F06CF25B88AE700C434E6 /* Detail */ = {
			isa = PBXGroup;
			children = (
				426F06D025B88B2500C434E6 /* DetailExhangesRatesViewController.swift */,
			);
			path = Detail;
			sourceTree = "<group>";
		};
		42CACA6225A9B2C800E38C83 /* NetworkService */ = {
			isa = PBXGroup;
			children = (
				4252EEAB25A1D88C001F1227 /* NetworkService.swift */,
				4252EEAF25A1D8DC001F1227 /* NetworkServiceProtocol.swift */,
			);
			name = NetworkService;
			sourceTree = "<group>";
		};
		42CACA6325A9B2E100E38C83 /* DataFetcherService */ = {
			isa = PBXGroup;
			children = (
			);
			name = DataFetcherService;
			sourceTree = "<group>";
		};
		42D73DCB25A89B9900E699B2 /* Entities */ = {
			isa = PBXGroup;
			children = (
				42D73DCC25A89BB700E699B2 /* Currency.swift */,
			);
			path = Entities;
			sourceTree = "<group>";
		};
		42D73DD425A8A23F00E699B2 /* Utilities */ = {
			isa = PBXGroup;
			children = (
				42D73DD525A8A26B00E699B2 /* Descriptions.swift */,
			);
			path = Utilities;
			sourceTree = "<group>";
		};
		42DC3FF125BC73FC008D38F0 /* Views */ = {
			isa = PBXGroup;
			children = (
				42DC3FF225BC7405008D38F0 /* PickerView */,
				42558D3925BF1B70004AD451 /* CurrencyView.swift */,
			);
			path = Views;
			sourceTree = "<group>";
		};
		42DC3FF225BC7405008D38F0 /* PickerView */ = {
			isa = PBXGroup;
			children = (
				42DC3FF325BC7423008D38F0 /* CurrencyPickerView.swift */,
			);
			path = PickerView;
			sourceTree = "<group>";
		};
		42E8423D25F3656D00E127D2 /* Extensions */ = {
			isa = PBXGroup;
			children = (
				42E8423E25F3659900E127D2 /* MainViewControllerEx.swift */,
			);
			path = Extensions;
			sourceTree = "<group>";
		};
		42F11A7C25B1B9B800BD0F26 /* Extensions */ = {
			isa = PBXGroup;
			children = (
				42F11A7D25B1B9D300BD0F26 /* Color.swift */,
				42F11A8725B1C68000BD0F26 /* Font.swift */,
				42F11A8A25B1CFAC00BD0F26 /* Button.swift */,
				42F11A8D25B1E09500BD0F26 /* TextField.swift */,
				42F11A9025B1E30900BD0F26 /* Label.swift */,
				420156F625B4615B0009C549 /* UIViewController+UITableView+UICollectionView.+UIView.swift */,
				426F06CC25B8877200C434E6 /* Image.swift */,
			);
			path = Extensions;
			sourceTree = "<group>";
		};
		53A47593162D6198A9B0246A /* Pods */ = {
			isa = PBXGroup;
			children = (
				B0B4242EB1A55F8604E28CEA /* Pods-CurrencyRates.debug.xcconfig */,
				00AD6DB0C3CB4E7CDB60B750 /* Pods-CurrencyRates.release.xcconfig */,
			);
			path = Pods;
			sourceTree = "<group>";
		};
		93CFADA15E95E185969409EE /* Frameworks */ = {
			isa = PBXGroup;
			children = (
				6083EF7E20DEEBF65D98701A /* Pods_CurrencyRates.framework */,
			);
			name = Frameworks;
			sourceTree = "<group>";
		};
/* End PBXGroup section */

/* Begin PBXNativeTarget section */
		4252EE7225A1B59D001F1227 /* CurrencyRates */ = {
			isa = PBXNativeTarget;
			buildConfigurationList = 4252EE8725A1B59E001F1227 /* Build configuration list for PBXNativeTarget "CurrencyRates" */;
			buildPhases = (
				82111DC2D478AE16C84AA1D1 /* [CP] Check Pods Manifest.lock */,
				4252EE6F25A1B59D001F1227 /* Sources */,
				4252EE7025A1B59D001F1227 /* Frameworks */,
				4252EE7125A1B59D001F1227 /* Resources */,
				6E9DAB5FAC87C562D795FBB9 /* [CP] Embed Pods Frameworks */,
			);
			buildRules = (
			);
			dependencies = (
			);
			name = CurrencyRates;
			productName = CurrencyRates;
			productReference = 4252EE7325A1B59D001F1227 /* CurrencyRates.app */;
			productType = "com.apple.product-type.application";
		};
/* End PBXNativeTarget section */

/* Begin PBXProject section */
		4252EE6B25A1B59D001F1227 /* Project object */ = {
			isa = PBXProject;
			attributes = {
				LastSwiftUpdateCheck = 1230;
				LastUpgradeCheck = 1230;
				TargetAttributes = {
					4252EE7225A1B59D001F1227 = {
						CreatedOnToolsVersion = 12.3;
					};
				};
			};
			buildConfigurationList = 4252EE6E25A1B59D001F1227 /* Build configuration list for PBXProject "CurrencyRates" */;
			compatibilityVersion = "Xcode 9.3";
			developmentRegion = en;
			hasScannedForEncodings = 0;
			knownRegions = (
				en,
				Base,
			);
			mainGroup = 4252EE6A25A1B59D001F1227;
			productRefGroup = 4252EE7425A1B59D001F1227 /* Products */;
			projectDirPath = "";
			projectRoot = "";
			targets = (
				4252EE7225A1B59D001F1227 /* CurrencyRates */,
			);
		};
/* End PBXProject section */

/* Begin PBXResourcesBuildPhase section */
		4252EE7125A1B59D001F1227 /* Resources */ = {
			isa = PBXResourcesBuildPhase;
			buildActionMask = 2147483647;
			files = (
				4252EE8D25A1B719001F1227 /* .gitignore in Resources */,
				4252EE8325A1B59E001F1227 /* LaunchScreen.storyboard in Resources */,
				4252EE8025A1B59E001F1227 /* Assets.xcassets in Resources */,
			);
			runOnlyForDeploymentPostprocessing = 0;
		};
/* End PBXResourcesBuildPhase section */

/* Begin PBXShellScriptBuildPhase section */
		6E9DAB5FAC87C562D795FBB9 /* [CP] Embed Pods Frameworks */ = {
			isa = PBXShellScriptBuildPhase;
			buildActionMask = 2147483647;
			files = (
			);
			inputFileListPaths = (
				"${PODS_ROOT}/Target Support Files/Pods-CurrencyRates/Pods-CurrencyRates-frameworks-${CONFIGURATION}-input-files.xcfilelist",
			);
			name = "[CP] Embed Pods Frameworks";
			outputFileListPaths = (
				"${PODS_ROOT}/Target Support Files/Pods-CurrencyRates/Pods-CurrencyRates-frameworks-${CONFIGURATION}-output-files.xcfilelist",
			);
			runOnlyForDeploymentPostprocessing = 0;
			shellPath = /bin/sh;
			shellScript = "\"${PODS_ROOT}/Target Support Files/Pods-CurrencyRates/Pods-CurrencyRates-frameworks.sh\"\n";
			showEnvVarsInLog = 0;
		};
		82111DC2D478AE16C84AA1D1 /* [CP] Check Pods Manifest.lock */ = {
			isa = PBXShellScriptBuildPhase;
			buildActionMask = 2147483647;
			files = (
			);
			inputFileListPaths = (
			);
			inputPaths = (
				"${PODS_PODFILE_DIR_PATH}/Podfile.lock",
				"${PODS_ROOT}/Manifest.lock",
			);
			name = "[CP] Check Pods Manifest.lock";
			outputFileListPaths = (
			);
			outputPaths = (
				"$(DERIVED_FILE_DIR)/Pods-CurrencyRates-checkManifestLockResult.txt",
			);
			runOnlyForDeploymentPostprocessing = 0;
			shellPath = /bin/sh;
			shellScript = "diff \"${PODS_PODFILE_DIR_PATH}/Podfile.lock\" \"${PODS_ROOT}/Manifest.lock\" > /dev/null\nif [ $? != 0 ] ; then\n    # print error to STDERR\n    echo \"error: The sandbox is not in sync with the Podfile.lock. Run 'pod install' or update your CocoaPods installation.\" >&2\n    exit 1\nfi\n# This output is used by Xcode 'outputs' to avoid re-running this script phase.\necho \"SUCCESS\" > \"${SCRIPT_OUTPUT_FILE_0}\"\n";
			showEnvVarsInLog = 0;
		};
/* End PBXShellScriptBuildPhase section */

/* Begin PBXSourcesBuildPhase section */
		4252EE6F25A1B59D001F1227 /* Sources */ = {
			isa = PBXSourcesBuildPhase;
			buildActionMask = 2147483647;
			files = (
				420A365225F3B321007E8363 /* ApplicationAboutViewControllerEx.swift in Sources */,
				4252EEAC25A1D88C001F1227 /* NetworkService.swift in Sources */,
				42F11A7E25B1B9D300BD0F26 /* Color.swift in Sources */,
				42F11A8825B1C68000BD0F26 /* Font.swift in Sources */,
				42F11A8B25B1CFAC00BD0F26 /* Button.swift in Sources */,
				4252EE9425A1BBFB001F1227 /* ApplicationAboutConfigurator.swift in Sources */,
				4252EEB925A1E70C001F1227 /* MainViewController.swift in Sources */,
				42F11A8E25B1E09500BD0F26 /* TextField.swift in Sources */,
				42558D3A25BF1B70004AD451 /* CurrencyView.swift in Sources */,
				4252EE7725A1B59D001F1227 /* AppDelegate.swift in Sources */,
				420156F725B4615B0009C549 /* UIViewController+UITableView+UICollectionView.+UIView.swift in Sources */,
				42DC3FF425BC7423008D38F0 /* CurrencyPickerView.swift in Sources */,
				426F06D125B88B2500C434E6 /* DetailExhangesRatesViewController.swift in Sources */,
				426F06CD25B8877200C434E6 /* Image.swift in Sources */,
				4252EE9B25A1BFE8001F1227 /* ApplicationAboutViewController.swift in Sources */,
				4252EEA725A1C2F3001F1227 /* ApplicationAboutInteractor.swift in Sources */,
				42D73DCD25A89BB700E699B2 /* Currency.swift in Sources */,
				4252EEA125A1C129001F1227 /* ApplicationAboutPresenter.swift in Sources */,
				4290D00625BB33120033386C /* MainRouter.swift in Sources */,
				4252EE7925A1B59D001F1227 /* SceneDelegate.swift in Sources */,
				4252EE9825A1BF5C001F1227 /* ApplicationAboutProtocols.swift in Sources */,
				426F06DD25B8A27B00C434E6 /* MainConfigurator.swift in Sources */,
				426F06DA25B8A10600C434E6 /* MainProtocols.swift in Sources */,
				426F06D625B8996200C434E6 /* Builder.swift in Sources */,
				42E8423F25F3659900E127D2 /* MainViewControllerEx.swift in Sources */,
				42F11A9125B1E30900BD0F26 /* Label.swift in Sources */,
				4252EEB025A1D8DC001F1227 /* NetworkServiceProtocol.swift in Sources */,
				4252EEA425A1C13B001F1227 /* ApplicationAboutRouter.swift in Sources */,
				42D73DD625A8A26B00E699B2 /* Descriptions.swift in Sources */,
			);
			runOnlyForDeploymentPostprocessing = 0;
		};
/* End PBXSourcesBuildPhase section */

/* Begin PBXVariantGroup section */
		4252EE8125A1B59E001F1227 /* LaunchScreen.storyboard */ = {
			isa = PBXVariantGroup;
			children = (
				4252EE8225A1B59E001F1227 /* Base */,
			);
			name = LaunchScreen.storyboard;
			sourceTree = "<group>";
		};
/* End PBXVariantGroup section */

/* Begin XCBuildConfiguration section */
		4252EE8525A1B59E001F1227 /* Debug */ = {
			isa = XCBuildConfiguration;
			buildSettings = {
				ALWAYS_SEARCH_USER_PATHS = NO;
				CLANG_ANALYZER_NONNULL = YES;
				CLANG_ANALYZER_NUMBER_OBJECT_CONVERSION = YES_AGGRESSIVE;
				CLANG_CXX_LANGUAGE_STANDARD = "gnu++14";
				CLANG_CXX_LIBRARY = "libc++";
				CLANG_ENABLE_MODULES = YES;
				CLANG_ENABLE_OBJC_ARC = YES;
				CLANG_ENABLE_OBJC_WEAK = YES;
				CLANG_WARN_BLOCK_CAPTURE_AUTORELEASING = YES;
				CLANG_WARN_BOOL_CONVERSION = YES;
				CLANG_WARN_COMMA = YES;
				CLANG_WARN_CONSTANT_CONVERSION = YES;
				CLANG_WARN_DEPRECATED_OBJC_IMPLEMENTATIONS = YES;
				CLANG_WARN_DIRECT_OBJC_ISA_USAGE = YES_ERROR;
				CLANG_WARN_DOCUMENTATION_COMMENTS = YES;
				CLANG_WARN_EMPTY_BODY = YES;
				CLANG_WARN_ENUM_CONVERSION = YES;
				CLANG_WARN_INFINITE_RECURSION = YES;
				CLANG_WARN_INT_CONVERSION = YES;
				CLANG_WARN_NON_LITERAL_NULL_CONVERSION = YES;
				CLANG_WARN_OBJC_IMPLICIT_RETAIN_SELF = YES;
				CLANG_WARN_OBJC_LITERAL_CONVERSION = YES;
				CLANG_WARN_OBJC_ROOT_CLASS = YES_ERROR;
				CLANG_WARN_QUOTED_INCLUDE_IN_FRAMEWORK_HEADER = YES;
				CLANG_WARN_RANGE_LOOP_ANALYSIS = YES;
				CLANG_WARN_STRICT_PROTOTYPES = YES;
				CLANG_WARN_SUSPICIOUS_MOVE = YES;
				CLANG_WARN_UNGUARDED_AVAILABILITY = YES_AGGRESSIVE;
				CLANG_WARN_UNREACHABLE_CODE = YES;
				CLANG_WARN__DUPLICATE_METHOD_MATCH = YES;
				COPY_PHASE_STRIP = NO;
				DEBUG_INFORMATION_FORMAT = dwarf;
				ENABLE_STRICT_OBJC_MSGSEND = YES;
				ENABLE_TESTABILITY = YES;
				GCC_C_LANGUAGE_STANDARD = gnu11;
				GCC_DYNAMIC_NO_PIC = NO;
				GCC_NO_COMMON_BLOCKS = YES;
				GCC_OPTIMIZATION_LEVEL = 0;
				GCC_PREPROCESSOR_DEFINITIONS = (
					"DEBUG=1",
					"$(inherited)",
				);
				GCC_WARN_64_TO_32_BIT_CONVERSION = YES;
				GCC_WARN_ABOUT_RETURN_TYPE = YES_ERROR;
				GCC_WARN_UNDECLARED_SELECTOR = YES;
				GCC_WARN_UNINITIALIZED_AUTOS = YES_AGGRESSIVE;
				GCC_WARN_UNUSED_FUNCTION = YES;
				GCC_WARN_UNUSED_VARIABLE = YES;
				IPHONEOS_DEPLOYMENT_TARGET = 13.0;
				MTL_ENABLE_DEBUG_INFO = INCLUDE_SOURCE;
				MTL_FAST_MATH = YES;
				ONLY_ACTIVE_ARCH = YES;
				SDKROOT = iphoneos;
				SWIFT_ACTIVE_COMPILATION_CONDITIONS = DEBUG;
				SWIFT_OPTIMIZATION_LEVEL = "-Onone";
			};
			name = Debug;
		};
		4252EE8625A1B59E001F1227 /* Release */ = {
			isa = XCBuildConfiguration;
			buildSettings = {
				ALWAYS_SEARCH_USER_PATHS = NO;
				CLANG_ANALYZER_NONNULL = YES;
				CLANG_ANALYZER_NUMBER_OBJECT_CONVERSION = YES_AGGRESSIVE;
				CLANG_CXX_LANGUAGE_STANDARD = "gnu++14";
				CLANG_CXX_LIBRARY = "libc++";
				CLANG_ENABLE_MODULES = YES;
				CLANG_ENABLE_OBJC_ARC = YES;
				CLANG_ENABLE_OBJC_WEAK = YES;
				CLANG_WARN_BLOCK_CAPTURE_AUTORELEASING = YES;
				CLANG_WARN_BOOL_CONVERSION = YES;
				CLANG_WARN_COMMA = YES;
				CLANG_WARN_CONSTANT_CONVERSION = YES;
				CLANG_WARN_DEPRECATED_OBJC_IMPLEMENTATIONS = YES;
				CLANG_WARN_DIRECT_OBJC_ISA_USAGE = YES_ERROR;
				CLANG_WARN_DOCUMENTATION_COMMENTS = YES;
				CLANG_WARN_EMPTY_BODY = YES;
				CLANG_WARN_ENUM_CONVERSION = YES;
				CLANG_WARN_INFINITE_RECURSION = YES;
				CLANG_WARN_INT_CONVERSION = YES;
				CLANG_WARN_NON_LITERAL_NULL_CONVERSION = YES;
				CLANG_WARN_OBJC_IMPLICIT_RETAIN_SELF = YES;
				CLANG_WARN_OBJC_LITERAL_CONVERSION = YES;
				CLANG_WARN_OBJC_ROOT_CLASS = YES_ERROR;
				CLANG_WARN_QUOTED_INCLUDE_IN_FRAMEWORK_HEADER = YES;
				CLANG_WARN_RANGE_LOOP_ANALYSIS = YES;
				CLANG_WARN_STRICT_PROTOTYPES = YES;
				CLANG_WARN_SUSPICIOUS_MOVE = YES;
				CLANG_WARN_UNGUARDED_AVAILABILITY = YES_AGGRESSIVE;
				CLANG_WARN_UNREACHABLE_CODE = YES;
				CLANG_WARN__DUPLICATE_METHOD_MATCH = YES;
				COPY_PHASE_STRIP = NO;
				DEBUG_INFORMATION_FORMAT = "dwarf-with-dsym";
				ENABLE_NS_ASSERTIONS = NO;
				ENABLE_STRICT_OBJC_MSGSEND = YES;
				GCC_C_LANGUAGE_STANDARD = gnu11;
				GCC_NO_COMMON_BLOCKS = YES;
				GCC_WARN_64_TO_32_BIT_CONVERSION = YES;
				GCC_WARN_ABOUT_RETURN_TYPE = YES_ERROR;
				GCC_WARN_UNDECLARED_SELECTOR = YES;
				GCC_WARN_UNINITIALIZED_AUTOS = YES_AGGRESSIVE;
				GCC_WARN_UNUSED_FUNCTION = YES;
				GCC_WARN_UNUSED_VARIABLE = YES;
				IPHONEOS_DEPLOYMENT_TARGET = 13.0;
				MTL_ENABLE_DEBUG_INFO = NO;
				MTL_FAST_MATH = YES;
				SDKROOT = iphoneos;
				SWIFT_COMPILATION_MODE = wholemodule;
				SWIFT_OPTIMIZATION_LEVEL = "-O";
				VALIDATE_PRODUCT = YES;
			};
			name = Release;
		};
		4252EE8825A1B59E001F1227 /* Debug */ = {
			isa = XCBuildConfiguration;
			baseConfigurationReference = B0B4242EB1A55F8604E28CEA /* Pods-CurrencyRates.debug.xcconfig */;
			buildSettings = {
				ASSETCATALOG_COMPILER_APPICON_NAME = AppIcon;
				ASSETCATALOG_COMPILER_GLOBAL_ACCENT_COLOR_NAME = AccentColor;
				CODE_SIGN_STYLE = Automatic;
				DEVELOPMENT_TEAM = MX627F9AXS;
				INFOPLIST_FILE = CurrencyRates/Info.plist;
				LD_RUNPATH_SEARCH_PATHS = (
					"$(inherited)",
					"@executable_path/Frameworks",
				);
				PRODUCT_BUNDLE_IDENTIFIER = com.rusellkh87.CurrencyRates;
				PRODUCT_NAME = "$(TARGET_NAME)";
				SWIFT_VERSION = 5.0;
				TARGETED_DEVICE_FAMILY = 1;
			};
			name = Debug;
		};
		4252EE8925A1B59E001F1227 /* Release */ = {
			isa = XCBuildConfiguration;
			baseConfigurationReference = 00AD6DB0C3CB4E7CDB60B750 /* Pods-CurrencyRates.release.xcconfig */;
			buildSettings = {
				ASSETCATALOG_COMPILER_APPICON_NAME = AppIcon;
				ASSETCATALOG_COMPILER_GLOBAL_ACCENT_COLOR_NAME = AccentColor;
				CODE_SIGN_STYLE = Automatic;
				DEVELOPMENT_TEAM = MX627F9AXS;
				INFOPLIST_FILE = CurrencyRates/Info.plist;
				LD_RUNPATH_SEARCH_PATHS = (
					"$(inherited)",
					"@executable_path/Frameworks",
				);
				PRODUCT_BUNDLE_IDENTIFIER = com.rusellkh87.CurrencyRates;
				PRODUCT_NAME = "$(TARGET_NAME)";
				SWIFT_VERSION = 5.0;
				TARGETED_DEVICE_FAMILY = 1;
			};
			name = Release;
		};
/* End XCBuildConfiguration section */

/* Begin XCConfigurationList section */
		4252EE6E25A1B59D001F1227 /* Build configuration list for PBXProject "CurrencyRates" */ = {
			isa = XCConfigurationList;
			buildConfigurations = (
				4252EE8525A1B59E001F1227 /* Debug */,
				4252EE8625A1B59E001F1227 /* Release */,
			);
			defaultConfigurationIsVisible = 0;
			defaultConfigurationName = Release;
		};
		4252EE8725A1B59E001F1227 /* Build configuration list for PBXNativeTarget "CurrencyRates" */ = {
			isa = XCConfigurationList;
			buildConfigurations = (
				4252EE8825A1B59E001F1227 /* Debug */,
				4252EE8925A1B59E001F1227 /* Release */,
			);
			defaultConfigurationIsVisible = 0;
			defaultConfigurationName = Release;
		};
/* End XCConfigurationList section */
	};
	rootObject = 4252EE6B25A1B59D001F1227 /* Project object */;
}
